PODS:
  - SDWebImage (5.1.1):
    - SDWebImage/Core (= 5.1.1)
  - SDWebImage/Core (5.1.1)
  - TZImagePickerController (3.2.4)
  - YBImageBrowser (3.0.4):
    - YBImageBrowser/Core (= 3.0.4)
  - YBImageBrowser/Core (3.0.4):
    - SDWebImage (>= 5.0.0)
    - YYImage
  - YYImage (1.0.4):
    - YYImage/Core (= 1.0.4)
  - YYImage/Core (1.0.4)

DEPENDENCIES:
  - TZImagePickerController
  - YBImageBrowser

SPEC REPOS:
  https://github.com/cocoapods/specs.git:
    - SDWebImage
    - TZImagePickerController
    - YBImageBrowser
    - YYImage

SPEC CHECKSUMS:
  SDWebImage: 96d7f03415ccb28d299d765f93557ff8a617abd8
  TZImagePickerController: d259369c5c2cc96299e53da868ae5be1b24353cd
  YBImageBrowser: c02f42bbc89955f5a88ddb57e0b94ff9fdbee461
  YYImage: 1e1b62a9997399593e4b9c4ecfbbabbf1d3f3b54

PODFILE CHECKSUM: db783d0dc5a97343635954e6e08604c185a9ab6d

COCOAPODS: 1.7.5
