// !$*UTF8*$!
{
	archiveVersion = 1;
	classes = {
	};
	objectVersion = 51;
	objects = {

/* Begin PBXBuildFile section */
		0450C8F52354CA110069AC4D /* AppDelegate.m in Sources */ = {isa = PBXBuildFile; fileRef = 0450C8F42354CA110069AC4D /* AppDelegate.m */; };
		0450C8F82354CA110069AC4D /* WGBSelectImageAndVideoDemoViewController.m in Sources */ = {isa = PBXBuildFile; fileRef = 0450C8F72354CA110069AC4D /* WGBSelectImageAndVideoDemoViewController.m */; };
		0450C8FB2354CA110069AC4D /* Main.storyboard in Resources */ = {isa = PBXBuildFile; fileRef = 0450C8F92354CA110069AC4D /* Main.storyboard */; };
		0450C8FD2354CA120069AC4D /* Assets.xcassets in Resources */ = {isa = PBXBuildFile; fileRef = 0450C8FC2354CA120069AC4D /* Assets.xcassets */; };
		0450C9002354CA120069AC4D /* LaunchScreen.storyboard in Resources */ = {isa = PBXBuildFile; fileRef = 0450C8FE2354CA120069AC4D /* LaunchScreen.storyboard */; };
		0450C9032354CA120069AC4D /* main.m in Sources */ = {isa = PBXBuildFile; fileRef = 0450C9022354CA120069AC4D /* main.m */; };
		0450C90F2354CAAD0069AC4D /* WGBSelectPhotoView.bundle in Resources */ = {isa = PBXBuildFile; fileRef = 0450C90C2354CAAD0069AC4D /* WGBSelectPhotoView.bundle */; };
		0450C9102354CAAD0069AC4D /* WGBSelectPhotoView.m in Sources */ = {isa = PBXBuildFile; fileRef = 0450C90D2354CAAD0069AC4D /* WGBSelectPhotoView.m */; };
		0450C9112354CAAD0069AC4D /* WGBSelectPhotoButton.m in Sources */ = {isa = PBXBuildFile; fileRef = 0450C90E2354CAAD0069AC4D /* WGBSelectPhotoButton.m */; };
		04A78F86236293E000915493 /* WGBSelectPhotoViewDemoViewController.m in Sources */ = {isa = PBXBuildFile; fileRef = 04A78F85236293E000915493 /* WGBSelectPhotoViewDemoViewController.m */; };
		04A78F892362980F00915493 /* WGBSelectImageOrVideoDemoViewController.m in Sources */ = {isa = PBXBuildFile; fileRef = 04A78F882362980F00915493 /* WGBSelectImageOrVideoDemoViewController.m */; };
		04A78F8C2362998400915493 /* UIView+YGCExtension.m in Sources */ = {isa = PBXBuildFile; fileRef = 04A78F8B2362998400915493 /* UIView+YGCExtension.m */; };
		04A78F8F23629A8100915493 /* UILabel+YGCExtension.m in Sources */ = {isa = PBXBuildFile; fileRef = 04A78F8E23629A8100915493 /* UILabel+YGCExtension.m */; };
		15CF79AA237015855987BCCC /* Pods_WGBSelectPhotoView.framework in Frameworks */ = {isa = PBXBuildFile; fileRef = 369072ADF473E4CC208F638F /* Pods_WGBSelectPhotoView.framework */; };
/* End PBXBuildFile section */

/* Begin PBXFileReference section */
		0450C8F02354CA110069AC4D /* WGBSelectPhotoView.app */ = {isa = PBXFileReference; explicitFileType = wrapper.application; includeInIndex = 0; path = WGBSelectPhotoView.app; sourceTree = BUILT_PRODUCTS_DIR; };
		0450C8F32354CA110069AC4D /* AppDelegate.h */ = {isa = PBXFileReference; lastKnownFileType = sourcecode.c.h; path = AppDelegate.h; sourceTree = "<group>"; };
		0450C8F42354CA110069AC4D /* AppDelegate.m */ = {isa = PBXFileReference; lastKnownFileType = sourcecode.c.objc; path = AppDelegate.m; sourceTree = "<group>"; };
		0450C8F62354CA110069AC4D /* WGBSelectImageAndVideoDemoViewController.h */ = {isa = PBXFileReference; lastKnownFileType = sourcecode.c.h; path = WGBSelectImageAndVideoDemoViewController.h; sourceTree = "<group>"; };
		0450C8F72354CA110069AC4D /* WGBSelectImageAndVideoDemoViewController.m */ = {isa = PBXFileReference; lastKnownFileType = sourcecode.c.objc; path = WGBSelectImageAndVideoDemoViewController.m; sourceTree = "<group>"; };
		0450C8FA2354CA110069AC4D /* Base */ = {isa = PBXFileReference; lastKnownFileType = file.storyboard; name = Base; path = Base.lproj/Main.storyboard; sourceTree = "<group>"; };
		0450C8FC2354CA120069AC4D /* Assets.xcassets */ = {isa = PBXFileReference; lastKnownFileType = folder.assetcatalog; path = Assets.xcassets; sourceTree = "<group>"; };
		0450C8FF2354CA120069AC4D /* Base */ = {isa = PBXFileReference; lastKnownFileType = file.storyboard; name = Base; path = Base.lproj/LaunchScreen.storyboard; sourceTree = "<group>"; };
		0450C9012354CA120069AC4D /* Info.plist */ = {isa = PBXFileReference; lastKnownFileType = text.plist.xml; path = Info.plist; sourceTree = "<group>"; };
		0450C9022354CA120069AC4D /* main.m */ = {isa = PBXFileReference; lastKnownFileType = sourcecode.c.objc; path = main.m; sourceTree = "<group>"; };
		0450C90A2354CAAD0069AC4D /* WGBSelectPhotoView.h */ = {isa = PBXFileReference; fileEncoding = 4; lastKnownFileType = sourcecode.c.h; path = WGBSelectPhotoView.h; sourceTree = "<group>"; };
		0450C90B2354CAAD0069AC4D /* WGBSelectPhotoButton.h */ = {isa = PBXFileReference; fileEncoding = 4; lastKnownFileType = sourcecode.c.h; path = WGBSelectPhotoButton.h; sourceTree = "<group>"; };
		0450C90C2354CAAD0069AC4D /* WGBSelectPhotoView.bundle */ = {isa = PBXFileReference; lastKnownFileType = "wrapper.plug-in"; path = WGBSelectPhotoView.bundle; sourceTree = "<group>"; };
		0450C90D2354CAAD0069AC4D /* WGBSelectPhotoView.m */ = {isa = PBXFileReference; fileEncoding = 4; lastKnownFileType = sourcecode.c.objc; path = WGBSelectPhotoView.m; sourceTree = "<group>"; };
		0450C90E2354CAAD0069AC4D /* WGBSelectPhotoButton.m */ = {isa = PBXFileReference; fileEncoding = 4; lastKnownFileType = sourcecode.c.objc; path = WGBSelectPhotoButton.m; sourceTree = "<group>"; };
		04A78F84236293E000915493 /* WGBSelectPhotoViewDemoViewController.h */ = {isa = PBXFileReference; lastKnownFileType = sourcecode.c.h; path = WGBSelectPhotoViewDemoViewController.h; sourceTree = "<group>"; };
		04A78F85236293E000915493 /* WGBSelectPhotoViewDemoViewController.m */ = {isa = PBXFileReference; lastKnownFileType = sourcecode.c.objc; path = WGBSelectPhotoViewDemoViewController.m; sourceTree = "<group>"; };
		04A78F872362980F00915493 /* WGBSelectImageOrVideoDemoViewController.h */ = {isa = PBXFileReference; lastKnownFileType = sourcecode.c.h; path = WGBSelectImageOrVideoDemoViewController.h; sourceTree = "<group>"; };
		04A78F882362980F00915493 /* WGBSelectImageOrVideoDemoViewController.m */ = {isa = PBXFileReference; lastKnownFileType = sourcecode.c.objc; path = WGBSelectImageOrVideoDemoViewController.m; sourceTree = "<group>"; };
		04A78F8A2362998400915493 /* UIView+YGCExtension.h */ = {isa = PBXFileReference; fileEncoding = 4; lastKnownFileType = sourcecode.c.h; path = "UIView+YGCExtension.h"; sourceTree = "<group>"; };
		04A78F8B2362998400915493 /* UIView+YGCExtension.m */ = {isa = PBXFileReference; fileEncoding = 4; lastKnownFileType = sourcecode.c.objc; path = "UIView+YGCExtension.m"; sourceTree = "<group>"; };
		04A78F8D23629A8100915493 /* UILabel+YGCExtension.h */ = {isa = PBXFileReference; fileEncoding = 4; lastKnownFileType = sourcecode.c.h; path = "UILabel+YGCExtension.h"; sourceTree = "<group>"; };
		04A78F8E23629A8100915493 /* UILabel+YGCExtension.m */ = {isa = PBXFileReference; fileEncoding = 4; lastKnownFileType = sourcecode.c.objc; path = "UILabel+YGCExtension.m"; sourceTree = "<group>"; };
		369072ADF473E4CC208F638F /* Pods_WGBSelectPhotoView.framework */ = {isa = PBXFileReference; explicitFileType = wrapper.framework; includeInIndex = 0; path = Pods_WGBSelectPhotoView.framework; sourceTree = BUILT_PRODUCTS_DIR; };
		756F361E4351A902EDA2C35E /* Pods-WGBSelectPhotoView.debug.xcconfig */ = {isa = PBXFileReference; includeInIndex = 1; lastKnownFileType = text.xcconfig; name = "Pods-WGBSelectPhotoView.debug.xcconfig"; path = "Target Support Files/Pods-WGBSelectPhotoView/Pods-WGBSelectPhotoView.debug.xcconfig"; sourceTree = "<group>"; };
		97DB0223F6D05777812DC86E /* Pods-WGBSelectPhotoView.release.xcconfig */ = {isa = PBXFileReference; includeInIndex = 1; lastKnownFileType = text.xcconfig; name = "Pods-WGBSelectPhotoView.release.xcconfig"; path = "Target Support Files/Pods-WGBSelectPhotoView/Pods-WGBSelectPhotoView.release.xcconfig"; sourceTree = "<group>"; };
/* End PBXFileReference section */

/* Begin PBXFrameworksBuildPhase section */
		0450C8ED2354CA110069AC4D /* Frameworks */ = {
			isa = PBXFrameworksBuildPhase;
			buildActionMask = 2147483647;
			files = (
				15CF79AA237015855987BCCC /* Pods_WGBSelectPhotoView.framework in Frameworks */,
			);
			runOnlyForDeploymentPostprocessing = 0;
		};
/* End PBXFrameworksBuildPhase section */

/* Begin PBXGroup section */
		0450C8E72354CA110069AC4D = {
			isa = PBXGroup;
			children = (
				0450C8F22354CA110069AC4D /* WGBSelectPhotoView */,
				0450C8F12354CA110069AC4D /* Products */,
				3380FBD18BB156A0DE508A73 /* Pods */,
				1584529EED950967B00A5151 /* Frameworks */,
			);
			sourceTree = "<group>";
		};
		0450C8F12354CA110069AC4D /* Products */ = {
			isa = PBXGroup;
			children = (
				0450C8F02354CA110069AC4D /* WGBSelectPhotoView.app */,
			);
			name = Products;
			sourceTree = "<group>";
		};
		0450C8F22354CA110069AC4D /* WGBSelectPhotoView */ = {
			isa = PBXGroup;
			children = (
				0450C9092354CAAD0069AC4D /* WGBSelectPhotoView */,
				0450C8F32354CA110069AC4D /* AppDelegate.h */,
				0450C8F42354CA110069AC4D /* AppDelegate.m */,
				04A78F8A2362998400915493 /* UIView+YGCExtension.h */,
				04A78F8B2362998400915493 /* UIView+YGCExtension.m */,
				04A78F8D23629A8100915493 /* UILabel+YGCExtension.h */,
				04A78F8E23629A8100915493 /* UILabel+YGCExtension.m */,
				04A78F84236293E000915493 /* WGBSelectPhotoViewDemoViewController.h */,
				04A78F85236293E000915493 /* WGBSelectPhotoViewDemoViewController.m */,
				0450C8F62354CA110069AC4D /* WGBSelectImageAndVideoDemoViewController.h */,
				0450C8F72354CA110069AC4D /* WGBSelectImageAndVideoDemoViewController.m */,
				04A78F872362980F00915493 /* WGBSelectImageOrVideoDemoViewController.h */,
				04A78F882362980F00915493 /* WGBSelectImageOrVideoDemoViewController.m */,
				0450C8F92354CA110069AC4D /* Main.storyboard */,
				0450C8FC2354CA120069AC4D /* Assets.xcassets */,
				0450C8FE2354CA120069AC4D /* LaunchScreen.storyboard */,
				0450C9012354CA120069AC4D /* Info.plist */,
				0450C9022354CA120069AC4D /* main.m */,
			);
			path = WGBSelectPhotoView;
			sourceTree = "<group>";
		};
		0450C9092354CAAD0069AC4D /* WGBSelectPhotoView */ = {
			isa = PBXGroup;
			children = (
				0450C90B2354CAAD0069AC4D /* WGBSelectPhotoButton.h */,
				0450C90E2354CAAD0069AC4D /* WGBSelectPhotoButton.m */,
				0450C90C2354CAAD0069AC4D /* WGBSelectPhotoView.bundle */,
				0450C90A2354CAAD0069AC4D /* WGBSelectPhotoView.h */,
				0450C90D2354CAAD0069AC4D /* WGBSelectPhotoView.m */,
			);
			path = WGBSelectPhotoView;
			sourceTree = "<group>";
		};
		1584529EED950967B00A5151 /* Frameworks */ = {
			isa = PBXGroup;
			children = (
				369072ADF473E4CC208F638F /* Pods_WGBSelectPhotoView.framework */,
			);
			name = Frameworks;
			sourceTree = "<group>";
		};
		3380FBD18BB156A0DE508A73 /* Pods */ = {
			isa = PBXGroup;
			children = (
				756F361E4351A902EDA2C35E /* Pods-WGBSelectPhotoView.debug.xcconfig */,
				97DB0223F6D05777812DC86E /* Pods-WGBSelectPhotoView.release.xcconfig */,
			);
			path = Pods;
			sourceTree = "<group>";
		};
/* End PBXGroup section */

/* Begin PBXNativeTarget section */
		0450C8EF2354CA110069AC4D /* WGBSelectPhotoView */ = {
			isa = PBXNativeTarget;
			buildConfigurationList = 0450C9062354CA120069AC4D /* Build configuration list for PBXNativeTarget "WGBSelectPhotoView" */;
			buildPhases = (
				D719477EB93C449791AD0F9D /* [CP] Check Pods Manifest.lock */,
				0450C8EC2354CA110069AC4D /* Sources */,
				0450C8ED2354CA110069AC4D /* Frameworks */,
				0450C8EE2354CA110069AC4D /* Resources */,
				4B14BE7B6349B47E164A93EF /* [CP] Embed Pods Frameworks */,
			);
			buildRules = (
			);
			dependencies = (
			);
			name = WGBSelectPhotoView;
			productName = WGBSelectPhotoView;
			productReference = 0450C8F02354CA110069AC4D /* WGBSelectPhotoView.app */;
			productType = "com.apple.product-type.application";
		};
/* End PBXNativeTarget section */

/* Begin PBXProject section */
		0450C8E82354CA110069AC4D /* Project object */ = {
			isa = PBXProject;
			attributes = {
				LastUpgradeCheck = 1010;
				ORGANIZATIONNAME = mac;
				TargetAttributes = {
					0450C8EF2354CA110069AC4D = {
						CreatedOnToolsVersion = 10.1;
					};
				};
			};
			buildConfigurationList = 0450C8EB2354CA110069AC4D /* Build configuration list for PBXProject "WGBSelectPhotoView" */;
			compatibilityVersion = "Xcode 9.3";
			developmentRegion = en;
			hasScannedForEncodings = 0;
			knownRegions = (
				en,
				Base,
			);
			mainGroup = 0450C8E72354CA110069AC4D;
			productRefGroup = 0450C8F12354CA110069AC4D /* Products */;
			projectDirPath = "";
			projectRoot = "";
			targets = (
				0450C8EF2354CA110069AC4D /* WGBSelectPhotoView */,
			);
		};
/* End PBXProject section */

/* Begin PBXResourcesBuildPhase section */
		0450C8EE2354CA110069AC4D /* Resources */ = {
			isa = PBXResourcesBuildPhase;
			buildActionMask = 2147483647;
			files = (
				0450C9002354CA120069AC4D /* LaunchScreen.storyboard in Resources */,
				0450C8FD2354CA120069AC4D /* Assets.xcassets in Resources */,
				0450C90F2354CAAD0069AC4D /* WGBSelectPhotoView.bundle in Resources */,
				0450C8FB2354CA110069AC4D /* Main.storyboard in Resources */,
			);
			runOnlyForDeploymentPostprocessing = 0;
		};
/* End PBXResourcesBuildPhase section */

/* Begin PBXShellScriptBuildPhase section */
		4B14BE7B6349B47E164A93EF /* [CP] Embed Pods Frameworks */ = {
			isa = PBXShellScriptBuildPhase;
			buildActionMask = 2147483647;
			files = (
			);
			inputFileListPaths = (
				"${PODS_ROOT}/Target Support Files/Pods-WGBSelectPhotoView/Pods-WGBSelectPhotoView-frameworks-${CONFIGURATION}-input-files.xcfilelist",
			);
			name = "[CP] Embed Pods Frameworks";
			outputFileListPaths = (
				"${PODS_ROOT}/Target Support Files/Pods-WGBSelectPhotoView/Pods-WGBSelectPhotoView-frameworks-${CONFIGURATION}-output-files.xcfilelist",
			);
			runOnlyForDeploymentPostprocessing = 0;
			shellPath = /bin/sh;
			shellScript = "\"${PODS_ROOT}/Target Support Files/Pods-WGBSelectPhotoView/Pods-WGBSelectPhotoView-frameworks.sh\"\n";
			showEnvVarsInLog = 0;
		};
		D719477EB93C449791AD0F9D /* [CP] Check Pods Manifest.lock */ = {
			isa = PBXShellScriptBuildPhase;
			buildActionMask = 2147483647;
			files = (
			);
			inputFileListPaths = (
			);
			inputPaths = (
				"${PODS_PODFILE_DIR_PATH}/Podfile.lock",
				"${PODS_ROOT}/Manifest.lock",
			);
			name = "[CP] Check Pods Manifest.lock";
			outputFileListPaths = (
			);
			outputPaths = (
				"$(DERIVED_FILE_DIR)/Pods-WGBSelectPhotoView-checkManifestLockResult.txt",
			);
			runOnlyForDeploymentPostprocessing = 0;
			shellPath = /bin/sh;
			shellScript = "diff \"${PODS_PODFILE_DIR_PATH}/Podfile.lock\" \"${PODS_ROOT}/Manifest.lock\" > /dev/null\nif [ $? != 0 ] ; then\n    # print error to STDERR\n    echo \"error: The sandbox is not in sync with the Podfile.lock. Run 'pod install' or update your CocoaPods installation.\" >&2\n    exit 1\nfi\n# This output is used by Xcode 'outputs' to avoid re-running this script phase.\necho \"SUCCESS\" > \"${SCRIPT_OUTPUT_FILE_0}\"\n";
			showEnvVarsInLog = 0;
		};
/* End PBXShellScriptBuildPhase section */

/* Begin PBXSourcesBuildPhase section */
		0450C8EC2354CA110069AC4D /* Sources */ = {
			isa = PBXSourcesBuildPhase;
			buildActionMask = 2147483647;
			files = (
				0450C9102354CAAD0069AC4D /* WGBSelectPhotoView.m in Sources */,
				0450C8F82354CA110069AC4D /* WGBSelectImageAndVideoDemoViewController.m in Sources */,
				04A78F892362980F00915493 /* WGBSelectImageOrVideoDemoViewController.m in Sources */,
				04A78F8F23629A8100915493 /* UILabel+YGCExtension.m in Sources */,
				0450C9112354CAAD0069AC4D /* WGBSelectPhotoButton.m in Sources */,
				04A78F8C2362998400915493 /* UIView+YGCExtension.m in Sources */,
				0450C9032354CA120069AC4D /* main.m in Sources */,
				04A78F86236293E000915493 /* WGBSelectPhotoViewDemoViewController.m in Sources */,
				0450C8F52354CA110069AC4D /* AppDelegate.m in Sources */,
			);
			runOnlyForDeploymentPostprocessing = 0;
		};
/* End PBXSourcesBuildPhase section */

/* Begin PBXVariantGroup section */
		0450C8F92354CA110069AC4D /* Main.storyboard */ = {
			isa = PBXVariantGroup;
			children = (
				0450C8FA2354CA110069AC4D /* Base */,
			);
			name = Main.storyboard;
			sourceTree = "<group>";
		};
		0450C8FE2354CA120069AC4D /* LaunchScreen.storyboard */ = {
			isa = PBXVariantGroup;
			children = (
				0450C8FF2354CA120069AC4D /* Base */,
			);
			name = LaunchScreen.storyboard;
			sourceTree = "<group>";
		};
/* End PBXVariantGroup section */

/* Begin XCBuildConfiguration section */
		0450C9042354CA120069AC4D /* Debug */ = {
			isa = XCBuildConfiguration;
			buildSettings = {
				ALWAYS_SEARCH_USER_PATHS = NO;
				CLANG_ANALYZER_NONNULL = YES;
				CLANG_ANALYZER_NUMBER_OBJECT_CONVERSION = YES_AGGRESSIVE;
				CLANG_CXX_LANGUAGE_STANDARD = "gnu++14";
				CLANG_CXX_LIBRARY = "libc++";
				CLANG_ENABLE_MODULES = YES;
				CLANG_ENABLE_OBJC_ARC = YES;
				CLANG_ENABLE_OBJC_WEAK = YES;
				CLANG_WARN_BLOCK_CAPTURE_AUTORELEASING = YES;
				CLANG_WARN_BOOL_CONVERSION = YES;
				CLANG_WARN_COMMA = YES;
				CLANG_WARN_CONSTANT_CONVERSION = YES;
				CLANG_WARN_DEPRECATED_OBJC_IMPLEMENTATIONS = YES;
				CLANG_WARN_DIRECT_OBJC_ISA_USAGE = YES_ERROR;
				CLANG_WARN_DOCUMENTATION_COMMENTS = YES;
				CLANG_WARN_EMPTY_BODY = YES;
				CLANG_WARN_ENUM_CONVERSION = YES;
				CLANG_WARN_INFINITE_RECURSION = YES;
				CLANG_WARN_INT_CONVERSION = YES;
				CLANG_WARN_NON_LITERAL_NULL_CONVERSION = YES;
				CLANG_WARN_OBJC_IMPLICIT_RETAIN_SELF = YES;
				CLANG_WARN_OBJC_LITERAL_CONVERSION = YES;
				CLANG_WARN_OBJC_ROOT_CLASS = YES_ERROR;
				CLANG_WARN_RANGE_LOOP_ANALYSIS = YES;
				CLANG_WARN_STRICT_PROTOTYPES = YES;
				CLANG_WARN_SUSPICIOUS_MOVE = YES;
				CLANG_WARN_UNGUARDED_AVAILABILITY = YES_AGGRESSIVE;
				CLANG_WARN_UNREACHABLE_CODE = YES;
				CLANG_WARN__DUPLICATE_METHOD_MATCH = YES;
				CODE_SIGN_IDENTITY = "iPhone Developer";
				COPY_PHASE_STRIP = NO;
				DEBUG_INFORMATION_FORMAT = dwarf;
				ENABLE_STRICT_OBJC_MSGSEND = YES;
				ENABLE_TESTABILITY = YES;
				GCC_C_LANGUAGE_STANDARD = gnu11;
				GCC_DYNAMIC_NO_PIC = NO;
				GCC_NO_COMMON_BLOCKS = YES;
				GCC_OPTIMIZATION_LEVEL = 0;
				GCC_PREPROCESSOR_DEFINITIONS = (
					"DEBUG=1",
					"$(inherited)",
				);
				GCC_WARN_64_TO_32_BIT_CONVERSION = YES;
				GCC_WARN_ABOUT_RETURN_TYPE = YES_ERROR;
				GCC_WARN_UNDECLARED_SELECTOR = YES;
				GCC_WARN_UNINITIALIZED_AUTOS = YES_AGGRESSIVE;
				GCC_WARN_UNUSED_FUNCTION = YES;
				GCC_WARN_UNUSED_VARIABLE = YES;
				IPHONEOS_DEPLOYMENT_TARGET = 12.1;
				MTL_ENABLE_DEBUG_INFO = INCLUDE_SOURCE;
				MTL_FAST_MATH = YES;
				ONLY_ACTIVE_ARCH = YES;
				SDKROOT = iphoneos;
			};
			name = Debug;
		};
		0450C9052354CA120069AC4D /* Release */ = {
			isa = XCBuildConfiguration;
			buildSettings = {
				ALWAYS_SEARCH_USER_PATHS = NO;
				CLANG_ANALYZER_NONNULL = YES;
				CLANG_ANALYZER_NUMBER_OBJECT_CONVERSION = YES_AGGRESSIVE;
				CLANG_CXX_LANGUAGE_STANDARD = "gnu++14";
				CLANG_CXX_LIBRARY = "libc++";
				CLANG_ENABLE_MODULES = YES;
				CLANG_ENABLE_OBJC_ARC = YES;
				CLANG_ENABLE_OBJC_WEAK = YES;
				CLANG_WARN_BLOCK_CAPTURE_AUTORELEASING = YES;
				CLANG_WARN_BOOL_CONVERSION = YES;
				CLANG_WARN_COMMA = YES;
				CLANG_WARN_CONSTANT_CONVERSION = YES;
				CLANG_WARN_DEPRECATED_OBJC_IMPLEMENTATIONS = YES;
				CLANG_WARN_DIRECT_OBJC_ISA_USAGE = YES_ERROR;
				CLANG_WARN_DOCUMENTATION_COMMENTS = YES;
				CLANG_WARN_EMPTY_BODY = YES;
				CLANG_WARN_ENUM_CONVERSION = YES;
				CLANG_WARN_INFINITE_RECURSION = YES;
				CLANG_WARN_INT_CONVERSION = YES;
				CLANG_WARN_NON_LITERAL_NULL_CONVERSION = YES;
				CLANG_WARN_OBJC_IMPLICIT_RETAIN_SELF = YES;
				CLANG_WARN_OBJC_LITERAL_CONVERSION = YES;
				CLANG_WARN_OBJC_ROOT_CLASS = YES_ERROR;
				CLANG_WARN_RANGE_LOOP_ANALYSIS = YES;
				CLANG_WARN_STRICT_PROTOTYPES = YES;
				CLANG_WARN_SUSPICIOUS_MOVE = YES;
				CLANG_WARN_UNGUARDED_AVAILABILITY = YES_AGGRESSIVE;
				CLANG_WARN_UNREACHABLE_CODE = YES;
				CLANG_WARN__DUPLICATE_METHOD_MATCH = YES;
				CODE_SIGN_IDENTITY = "iPhone Developer";
				COPY_PHASE_STRIP = NO;
				DEBUG_INFORMATION_FORMAT = "dwarf-with-dsym";
				ENABLE_NS_ASSERTIONS = NO;
				ENABLE_STRICT_OBJC_MSGSEND = YES;
				GCC_C_LANGUAGE_STANDARD = gnu11;
				GCC_NO_COMMON_BLOCKS = YES;
				GCC_WARN_64_TO_32_BIT_CONVERSION = YES;
				GCC_WARN_ABOUT_RETURN_TYPE = YES_ERROR;
				GCC_WARN_UNDECLARED_SELECTOR = YES;
				GCC_WARN_UNINITIALIZED_AUTOS = YES_AGGRESSIVE;
				GCC_WARN_UNUSED_FUNCTION = YES;
				GCC_WARN_UNUSED_VARIABLE = YES;
				IPHONEOS_DEPLOYMENT_TARGET = 12.1;
				MTL_ENABLE_DEBUG_INFO = NO;
				MTL_FAST_MATH = YES;
				SDKROOT = iphoneos;
				VALIDATE_PRODUCT = YES;
			};
			name = Release;
		};
		0450C9072354CA120069AC4D /* Debug */ = {
			isa = XCBuildConfiguration;
			baseConfigurationReference = 756F361E4351A902EDA2C35E /* Pods-WGBSelectPhotoView.debug.xcconfig */;
			buildSettings = {
				ASSETCATALOG_COMPILER_APPICON_NAME = AppIcon;
				CODE_SIGN_STYLE = Automatic;
				INFOPLIST_FILE = WGBSelectPhotoView/Info.plist;
				LD_RUNPATH_SEARCH_PATHS = (
					"$(inherited)",
					"@executable_path/Frameworks",
				);
				PRODUCT_BUNDLE_IDENTIFIER = CoderWGB.WGBSelectPhotoView;
				PRODUCT_NAME = "$(TARGET_NAME)";
				TARGETED_DEVICE_FAMILY = "1,2";
			};
			name = Debug;
		};
		0450C9082354CA120069AC4D /* Release */ = {
			isa = XCBuildConfiguration;
			baseConfigurationReference = 97DB0223F6D05777812DC86E /* Pods-WGBSelectPhotoView.release.xcconfig */;
			buildSettings = {
				ASSETCATALOG_COMPILER_APPICON_NAME = AppIcon;
				CODE_SIGN_STYLE = Automatic;
				INFOPLIST_FILE = WGBSelectPhotoView/Info.plist;
				LD_RUNPATH_SEARCH_PATHS = (
					"$(inherited)",
					"@executable_path/Frameworks",
				);
				PRODUCT_BUNDLE_IDENTIFIER = CoderWGB.WGBSelectPhotoView;
				PRODUCT_NAME = "$(TARGET_NAME)";
				TARGETED_DEVICE_FAMILY = "1,2";
			};
			name = Release;
		};
/* End XCBuildConfiguration section */

/* Begin XCConfigurationList section */
		0450C8EB2354CA110069AC4D /* Build configuration list for PBXProject "WGBSelectPhotoView" */ = {
			isa = XCConfigurationList;
			buildConfigurations = (
				0450C9042354CA120069AC4D /* Debug */,
				0450C9052354CA120069AC4D /* Release */,
			);
			defaultConfigurationIsVisible = 0;
			defaultConfigurationName = Release;
		};
		0450C9062354CA120069AC4D /* Build configuration list for PBXNativeTarget "WGBSelectPhotoView" */ = {
			isa = XCConfigurationList;
			buildConfigurations = (
				0450C9072354CA120069AC4D /* Debug */,
				0450C9082354CA120069AC4D /* Release */,
			);
			defaultConfigurationIsVisible = 0;
			defaultConfigurationName = Release;
		};
/* End XCConfigurationList section */
	};
	rootObject = 0450C8E82354CA110069AC4D /* Project object */;
}
